
Microsoft Visual Studio Solution File, Format Version 12.00
# Visual Studio Version 17
VisualStudioVersion = 17.8.34330.188
MinimumVisualStudioVersion = 10.0.40219.1
Project("{FAE04EC0-301F-11D3-BF4B-00C04F79EFBC}") = "ExploreNepalWebAPI", "ExploreNepalWebAPI\ExploreNepalWebAPI.csproj", "{B7F557E6-63A6-4827-956E-33EDF885E771}"
EndProject
Global
	GlobalSection(SolutionConfigurationPlatforms) = preSolution
		Debug|Any CPU = Debug|Any CPU
		Release|Any CPU = Release|Any CPU
	EndGlobalSection
	GlobalSection(ProjectConfigurationPlatforms) = postSolution
		{B7F557E6-63A6-4827-956E-33EDF885E771}.Debug|Any CPU.ActiveCfg = Debug|Any CPU
		{B7F557E6-63A6-4827-956E-33EDF885E771}.Debug|Any CPU.Build.0 = Debug|Any CPU
		{B7F557E6-63A6-4827-956E-33EDF885E771}.Release|Any CPU.ActiveCfg = Release|Any CPU
		{B7F557E6-63A6-4827-956E-33EDF885E771}.Release|Any CPU.Build.0 = Release|Any CPU
	EndGlobalSection
	GlobalSection(SolutionProperties) = preSolution
		HideSolutionNode = FALSE
	EndGlobalSection
	GlobalSection(ExtensibilityGlobals) = postSolution
		SolutionGuid = {2D50FDE4-7D72-4828-A572-D9A7D0ED688A}
	EndGlobalSection
EndGlobal
